
Microsoft Visual Studio Solution File, Format Version 12.00
# Visual Studio Version 17
VisualStudioVersion = 17.9.34728.123
MinimumVisualStudioVersion = 10.0.40219.1
Project("{9A19103F-16F7-4668-BE54-9A1E7A4F7556}") = "240705_hello", "240705_hello\240705_hello.csproj", "{2C49EC40-1F91-49E7-878B-D00342AF8562}"
EndProject
Project("{9A19103F-16F7-4668-BE54-9A1E7A4F7556}") = "240711_Hello", "240711_Hello\240711_Hello.csproj", "{E416CA32-F342-4013-ABD5-5BE75158DEEF}"
EndProject
Project("{9A19103F-16F7-4668-BE54-9A1E7A4F7556}") = "240712_basic", "240712_basic\240712_basic.csproj", "{9FA16508-166C-46C2-8217-8232AAC4C4F8}"
EndProject
Project("{9A19103F-16F7-4668-BE54-9A1E7A4F7556}") = "240715_basic", "240715_basic\240715_basic.csproj", "{03110362-31F7-4853-819B-BC7591A5C180}"
EndProject
Project("{9A19103F-16F7-4668-BE54-9A1E7A4F7556}") = "240716_basic", "240716_basic\240716_basic.csproj", "{39CAE92B-057A-4D07-93C7-E4A737A9E6C7}"
EndProject
Project("{9A19103F-16F7-4668-BE54-9A1E7A4F7556}") = "240717_enum", "240717_enum\240717_enum.csproj", "{B488EC17-EDD1-4CDC-BF0E-0FF0947F057C}"
EndProject
Project("{9A19103F-16F7-4668-BE54-9A1E7A4F7556}") = "240718_type", "240718_type\240718_type.csproj", "{E92A6A02-86DB-446B-BCFA-D2BB0C26401F}"
EndProject
Project("{9A19103F-16F7-4668-BE54-9A1E7A4F7556}") = "240722_operator", "240722_operator\240722_operator.csproj", "{7449B0B5-D321-425D-B393-5D284440039A}"
EndProject
Project("{9A19103F-16F7-4668-BE54-9A1E7A4F7556}") = "240724_practice", "240724_practice\240724_practice.csproj", "{DD955A84-02BC-466A-9F9E-2081B67D9640}"
EndProject
Project("{9A19103F-16F7-4668-BE54-9A1E7A4F7556}") = "240725_method", "240725_method\240725_method.csproj", "{54874DF5-4983-4DF0-8033-6165BDAA48DE}"
EndProject
Project("{9A19103F-16F7-4668-BE54-9A1E7A4F7556}") = "240726_function", "240726_function\240726_function.csproj", "{693B728D-B498-46C9-8BAE-68B250235585}"
EndProject
Project("{9A19103F-16F7-4668-BE54-9A1E7A4F7556}") = "240729_function", "240729_function\240729_function.csproj", "{299B2A41-FBA6-456B-8C78-02664245883B}"
EndProject
Project("{FAE04EC0-301F-11D3-BF4B-00C04F79EFBC}") = "240730_class", "240730_class\240730_class.csproj", "{A27C0C40-C8FF-4572-AD85-0E02AC8AED8C}"
EndProject
Global
	GlobalSection(SolutionConfigurationPlatforms) = preSolution
		Debug|Any CPU = Debug|Any CPU
		Debug|x64 = Debug|x64
		Debug|x86 = Debug|x86
		Release|Any CPU = Release|Any CPU
		Release|x64 = Release|x64
		Release|x86 = Release|x86
	EndGlobalSection
	GlobalSection(ProjectConfigurationPlatforms) = postSolution
		{2C49EC40-1F91-49E7-878B-D00342AF8562}.Debug|Any CPU.ActiveCfg = Debug|Any CPU
		{2C49EC40-1F91-49E7-878B-D00342AF8562}.Debug|Any CPU.Build.0 = Debug|Any CPU
		{2C49EC40-1F91-49E7-878B-D00342AF8562}.Debug|x64.ActiveCfg = Debug|Any CPU
		{2C49EC40-1F91-49E7-878B-D00342AF8562}.Debug|x64.Build.0 = Debug|Any CPU
		{2C49EC40-1F91-49E7-878B-D00342AF8562}.Debug|x86.ActiveCfg = Debug|Any CPU
		{2C49EC40-1F91-49E7-878B-D00342AF8562}.Debug|x86.Build.0 = Debug|Any CPU
		{2C49EC40-1F91-49E7-878B-D00342AF8562}.Release|Any CPU.ActiveCfg = Release|Any CPU
		{2C49EC40-1F91-49E7-878B-D00342AF8562}.Release|Any CPU.Build.0 = Release|Any CPU
		{2C49EC40-1F91-49E7-878B-D00342AF8562}.Release|x64.ActiveCfg = Release|Any CPU
		{2C49EC40-1F91-49E7-878B-D00342AF8562}.Release|x64.Build.0 = Release|Any CPU
		{2C49EC40-1F91-49E7-878B-D00342AF8562}.Release|x86.ActiveCfg = Release|Any CPU
		{2C49EC40-1F91-49E7-878B-D00342AF8562}.Release|x86.Build.0 = Release|Any CPU
		{E416CA32-F342-4013-ABD5-5BE75158DEEF}.Debug|Any CPU.ActiveCfg = Debug|Any CPU
		{E416CA32-F342-4013-ABD5-5BE75158DEEF}.Debug|Any CPU.Build.0 = Debug|Any CPU
		{E416CA32-F342-4013-ABD5-5BE75158DEEF}.Debug|x64.ActiveCfg = Debug|Any CPU
		{E416CA32-F342-4013-ABD5-5BE75158DEEF}.Debug|x64.Build.0 = Debug|Any CPU
		{E416CA32-F342-4013-ABD5-5BE75158DEEF}.Debug|x86.ActiveCfg = Debug|Any CPU
		{E416CA32-F342-4013-ABD5-5BE75158DEEF}.Debug|x86.Build.0 = Debug|Any CPU
		{E416CA32-F342-4013-ABD5-5BE75158DEEF}.Release|Any CPU.ActiveCfg = Release|Any CPU
		{E416CA32-F342-4013-ABD5-5BE75158DEEF}.Release|Any CPU.Build.0 = Release|Any CPU
		{E416CA32-F342-4013-ABD5-5BE75158DEEF}.Release|x64.ActiveCfg = Release|Any CPU
		{E416CA32-F342-4013-ABD5-5BE75158DEEF}.Release|x64.Build.0 = Release|Any CPU
		{E416CA32-F342-4013-ABD5-5BE75158DEEF}.Release|x86.ActiveCfg = Release|Any CPU
		{E416CA32-F342-4013-ABD5-5BE75158DEEF}.Release|x86.Build.0 = Release|Any CPU
		{9FA16508-166C-46C2-8217-8232AAC4C4F8}.Debug|Any CPU.ActiveCfg = Debug|Any CPU
		{9FA16508-166C-46C2-8217-8232AAC4C4F8}.Debug|Any CPU.Build.0 = Debug|Any CPU
		{9FA16508-166C-46C2-8217-8232AAC4C4F8}.Debug|x64.ActiveCfg = Debug|Any CPU
		{9FA16508-166C-46C2-8217-8232AAC4C4F8}.Debug|x64.Build.0 = Debug|Any CPU
		{9FA16508-166C-46C2-8217-8232AAC4C4F8}.Debug|x86.ActiveCfg = Debug|Any CPU
		{9FA16508-166C-46C2-8217-8232AAC4C4F8}.Debug|x86.Build.0 = Debug|Any CPU
		{9FA16508-166C-46C2-8217-8232AAC4C4F8}.Release|Any CPU.ActiveCfg = Release|Any CPU
		{9FA16508-166C-46C2-8217-8232AAC4C4F8}.Release|Any CPU.Build.0 = Release|Any CPU
		{9FA16508-166C-46C2-8217-8232AAC4C4F8}.Release|x64.ActiveCfg = Release|Any CPU
		{9FA16508-166C-46C2-8217-8232AAC4C4F8}.Release|x64.Build.0 = Release|Any CPU
		{9FA16508-166C-46C2-8217-8232AAC4C4F8}.Release|x86.ActiveCfg = Release|Any CPU
		{9FA16508-166C-46C2-8217-8232AAC4C4F8}.Release|x86.Build.0 = Release|Any CPU
		{03110362-31F7-4853-819B-BC7591A5C180}.Debug|Any CPU.ActiveCfg = Debug|Any CPU
		{03110362-31F7-4853-819B-BC7591A5C180}.Debug|Any CPU.Build.0 = Debug|Any CPU
		{03110362-31F7-4853-819B-BC7591A5C180}.Debug|x64.ActiveCfg = Debug|Any CPU
		{03110362-31F7-4853-819B-BC7591A5C180}.Debug|x64.Build.0 = Debug|Any CPU
		{03110362-31F7-4853-819B-BC7591A5C180}.Debug|x86.ActiveCfg = Debug|Any CPU
		{03110362-31F7-4853-819B-BC7591A5C180}.Debug|x86.Build.0 = Debug|Any CPU
		{03110362-31F7-4853-819B-BC7591A5C180}.Release|Any CPU.ActiveCfg = Release|Any CPU
		{03110362-31F7-4853-819B-BC7591A5C180}.Release|Any CPU.Build.0 = Release|Any CPU
		{03110362-31F7-4853-819B-BC7591A5C180}.Release|x64.ActiveCfg = Release|Any CPU
		{03110362-31F7-4853-819B-BC7591A5C180}.Release|x64.Build.0 = Release|Any CPU
		{03110362-31F7-4853-819B-BC7591A5C180}.Release|x86.ActiveCfg = Release|Any CPU
		{03110362-31F7-4853-819B-BC7591A5C180}.Release|x86.Build.0 = Release|Any CPU
		{39CAE92B-057A-4D07-93C7-E4A737A9E6C7}.Debug|Any CPU.ActiveCfg = Debug|Any CPU
		{39CAE92B-057A-4D07-93C7-E4A737A9E6C7}.Debug|Any CPU.Build.0 = Debug|Any CPU
		{39CAE92B-057A-4D07-93C7-E4A737A9E6C7}.Debug|x64.ActiveCfg = Debug|Any CPU
		{39CAE92B-057A-4D07-93C7-E4A737A9E6C7}.Debug|x64.Build.0 = Debug|Any CPU
		{39CAE92B-057A-4D07-93C7-E4A737A9E6C7}.Debug|x86.ActiveCfg = Debug|Any CPU
		{39CAE92B-057A-4D07-93C7-E4A737A9E6C7}.Debug|x86.Build.0 = Debug|Any CPU
		{39CAE92B-057A-4D07-93C7-E4A737A9E6C7}.Release|Any CPU.ActiveCfg = Release|Any CPU
		{39CAE92B-057A-4D07-93C7-E4A737A9E6C7}.Release|Any CPU.Build.0 = Release|Any CPU
		{39CAE92B-057A-4D07-93C7-E4A737A9E6C7}.Release|x64.ActiveCfg = Release|Any CPU
		{39CAE92B-057A-4D07-93C7-E4A737A9E6C7}.Release|x64.Build.0 = Release|Any CPU
		{39CAE92B-057A-4D07-93C7-E4A737A9E6C7}.Release|x86.ActiveCfg = Release|Any CPU
		{39CAE92B-057A-4D07-93C7-E4A737A9E6C7}.Release|x86.Build.0 = Release|Any CPU
		{B488EC17-EDD1-4CDC-BF0E-0FF0947F057C}.Debug|Any CPU.ActiveCfg = Debug|Any CPU
		{B488EC17-EDD1-4CDC-BF0E-0FF0947F057C}.Debug|Any CPU.Build.0 = Debug|Any CPU
		{B488EC17-EDD1-4CDC-BF0E-0FF0947F057C}.Debug|x64.ActiveCfg = Debug|Any CPU
		{B488EC17-EDD1-4CDC-BF0E-0FF0947F057C}.Debug|x64.Build.0 = Debug|Any CPU
		{B488EC17-EDD1-4CDC-BF0E-0FF0947F057C}.Debug|x86.ActiveCfg = Debug|Any CPU
		{B488EC17-EDD1-4CDC-BF0E-0FF0947F057C}.Debug|x86.Build.0 = Debug|Any CPU
		{B488EC17-EDD1-4CDC-BF0E-0FF0947F057C}.Release|Any CPU.ActiveCfg = Release|Any CPU
		{B488EC17-EDD1-4CDC-BF0E-0FF0947F057C}.Release|Any CPU.Build.0 = Release|Any CPU
		{B488EC17-EDD1-4CDC-BF0E-0FF0947F057C}.Release|x64.ActiveCfg = Release|Any CPU
		{B488EC17-EDD1-4CDC-BF0E-0FF0947F057C}.Release|x64.Build.0 = Release|Any CPU
		{B488EC17-EDD1-4CDC-BF0E-0FF0947F057C}.Release|x86.ActiveCfg = Release|Any CPU
		{B488EC17-EDD1-4CDC-BF0E-0FF0947F057C}.Release|x86.Build.0 = Release|Any CPU
		{E92A6A02-86DB-446B-BCFA-D2BB0C26401F}.Debug|Any CPU.ActiveCfg = Debug|Any CPU
		{E92A6A02-86DB-446B-BCFA-D2BB0C26401F}.Debug|Any CPU.Build.0 = Debug|Any CPU
		{E92A6A02-86DB-446B-BCFA-D2BB0C26401F}.Debug|x64.ActiveCfg = Debug|Any CPU
		{E92A6A02-86DB-446B-BCFA-D2BB0C26401F}.Debug|x64.Build.0 = Debug|Any CPU
		{E92A6A02-86DB-446B-BCFA-D2BB0C26401F}.Debug|x86.ActiveCfg = Debug|Any CPU
		{E92A6A02-86DB-446B-BCFA-D2BB0C26401F}.Debug|x86.Build.0 = Debug|Any CPU
		{E92A6A02-86DB-446B-BCFA-D2BB0C26401F}.Release|Any CPU.ActiveCfg = Release|Any CPU
		{E92A6A02-86DB-446B-BCFA-D2BB0C26401F}.Release|Any CPU.Build.0 = Release|Any CPU
		{E92A6A02-86DB-446B-BCFA-D2BB0C26401F}.Release|x64.ActiveCfg = Release|Any CPU
		{E92A6A02-86DB-446B-BCFA-D2BB0C26401F}.Release|x64.Build.0 = Release|Any CPU
		{E92A6A02-86DB-446B-BCFA-D2BB0C26401F}.Release|x86.ActiveCfg = Release|Any CPU
		{E92A6A02-86DB-446B-BCFA-D2BB0C26401F}.Release|x86.Build.0 = Release|Any CPU
		{7449B0B5-D321-425D-B393-5D284440039A}.Debug|Any CPU.ActiveCfg = Debug|Any CPU
		{7449B0B5-D321-425D-B393-5D284440039A}.Debug|Any CPU.Build.0 = Debug|Any CPU
		{7449B0B5-D321-425D-B393-5D284440039A}.Debug|x64.ActiveCfg = Debug|Any CPU
		{7449B0B5-D321-425D-B393-5D284440039A}.Debug|x64.Build.0 = Debug|Any CPU
		{7449B0B5-D321-425D-B393-5D284440039A}.Debug|x86.ActiveCfg = Debug|Any CPU
		{7449B0B5-D321-425D-B393-5D284440039A}.Debug|x86.Build.0 = Debug|Any CPU
		{7449B0B5-D321-425D-B393-5D284440039A}.Release|Any CPU.ActiveCfg = Release|Any CPU
		{7449B0B5-D321-425D-B393-5D284440039A}.Release|Any CPU.Build.0 = Release|Any CPU
		{7449B0B5-D321-425D-B393-5D284440039A}.Release|x64.ActiveCfg = Release|Any CPU
		{7449B0B5-D321-425D-B393-5D284440039A}.Release|x64.Build.0 = Release|Any CPU
		{7449B0B5-D321-425D-B393-5D284440039A}.Release|x86.ActiveCfg = Release|Any CPU
		{7449B0B5-D321-425D-B393-5D284440039A}.Release|x86.Build.0 = Release|Any CPU
		{DD955A84-02BC-466A-9F9E-2081B67D9640}.Debug|Any CPU.ActiveCfg = Debug|Any CPU
		{DD955A84-02BC-466A-9F9E-2081B67D9640}.Debug|Any CPU.Build.0 = Debug|Any CPU
		{DD955A84-02BC-466A-9F9E-2081B67D9640}.Debug|x64.ActiveCfg = Debug|Any CPU
		{DD955A84-02BC-466A-9F9E-2081B67D9640}.Debug|x64.Build.0 = Debug|Any CPU
		{DD955A84-02BC-466A-9F9E-2081B67D9640}.Debug|x86.ActiveCfg = Debug|Any CPU
		{DD955A84-02BC-466A-9F9E-2081B67D9640}.Debug|x86.Build.0 = Debug|Any CPU
		{DD955A84-02BC-466A-9F9E-2081B67D9640}.Release|Any CPU.ActiveCfg = Release|Any CPU
		{DD955A84-02BC-466A-9F9E-2081B67D9640}.Release|Any CPU.Build.0 = Release|Any CPU
		{DD955A84-02BC-466A-9F9E-2081B67D9640}.Release|x64.ActiveCfg = Release|Any CPU
		{DD955A84-02BC-466A-9F9E-2081B67D9640}.Release|x64.Build.0 = Release|Any CPU
		{DD955A84-02BC-466A-9F9E-2081B67D9640}.Release|x86.ActiveCfg = Release|Any CPU
		{DD955A84-02BC-466A-9F9E-2081B67D9640}.Release|x86.Build.0 = Release|Any CPU
		{54874DF5-4983-4DF0-8033-6165BDAA48DE}.Debug|Any CPU.ActiveCfg = Debug|Any CPU
		{54874DF5-4983-4DF0-8033-6165BDAA48DE}.Debug|Any CPU.Build.0 = Debug|Any CPU
		{54874DF5-4983-4DF0-8033-6165BDAA48DE}.Debug|x64.ActiveCfg = Debug|Any CPU
		{54874DF5-4983-4DF0-8033-6165BDAA48DE}.Debug|x64.Build.0 = Debug|Any CPU
		{54874DF5-4983-4DF0-8033-6165BDAA48DE}.Debug|x86.ActiveCfg = Debug|Any CPU
		{54874DF5-4983-4DF0-8033-6165BDAA48DE}.Debug|x86.Build.0 = Debug|Any CPU
		{54874DF5-4983-4DF0-8033-6165BDAA48DE}.Release|Any CPU.ActiveCfg = Release|Any CPU
		{54874DF5-4983-4DF0-8033-6165BDAA48DE}.Release|Any CPU.Build.0 = Release|Any CPU
		{54874DF5-4983-4DF0-8033-6165BDAA48DE}.Release|x64.ActiveCfg = Release|Any CPU
		{54874DF5-4983-4DF0-8033-6165BDAA48DE}.Release|x64.Build.0 = Release|Any CPU
		{54874DF5-4983-4DF0-8033-6165BDAA48DE}.Release|x86.ActiveCfg = Release|Any CPU
		{54874DF5-4983-4DF0-8033-6165BDAA48DE}.Release|x86.Build.0 = Release|Any CPU
		{693B728D-B498-46C9-8BAE-68B250235585}.Debug|Any CPU.ActiveCfg = Debug|Any CPU
		{693B728D-B498-46C9-8BAE-68B250235585}.Debug|Any CPU.Build.0 = Debug|Any CPU
		{693B728D-B498-46C9-8BAE-68B250235585}.Debug|x64.ActiveCfg = Debug|Any CPU
		{693B728D-B498-46C9-8BAE-68B250235585}.Debug|x64.Build.0 = Debug|Any CPU
		{693B728D-B498-46C9-8BAE-68B250235585}.Debug|x86.ActiveCfg = Debug|Any CPU
		{693B728D-B498-46C9-8BAE-68B250235585}.Debug|x86.Build.0 = Debug|Any CPU
		{693B728D-B498-46C9-8BAE-68B250235585}.Release|Any CPU.ActiveCfg = Release|Any CPU
		{693B728D-B498-46C9-8BAE-68B250235585}.Release|Any CPU.Build.0 = Release|Any CPU
		{693B728D-B498-46C9-8BAE-68B250235585}.Release|x64.ActiveCfg = Release|Any CPU
		{693B728D-B498-46C9-8BAE-68B250235585}.Release|x64.Build.0 = Release|Any CPU
		{693B728D-B498-46C9-8BAE-68B250235585}.Release|x86.ActiveCfg = Release|Any CPU
		{693B728D-B498-46C9-8BAE-68B250235585}.Release|x86.Build.0 = Release|Any CPU
		{299B2A41-FBA6-456B-8C78-02664245883B}.Debug|Any CPU.ActiveCfg = Debug|Any CPU
		{299B2A41-FBA6-456B-8C78-02664245883B}.Debug|Any CPU.Build.0 = Debug|Any CPU
		{299B2A41-FBA6-456B-8C78-02664245883B}.Debug|x64.ActiveCfg = Debug|Any CPU
		{299B2A41-FBA6-456B-8C78-02664245883B}.Debug|x64.Build.0 = Debug|Any CPU
		{299B2A41-FBA6-456B-8C78-02664245883B}.Debug|x86.ActiveCfg = Debug|Any CPU
		{299B2A41-FBA6-456B-8C78-02664245883B}.Debug|x86.Build.0 = Debug|Any CPU
		{299B2A41-FBA6-456B-8C78-02664245883B}.Release|Any CPU.ActiveCfg = Release|Any CPU
		{299B2A41-FBA6-456B-8C78-02664245883B}.Release|Any CPU.Build.0 = Release|Any CPU
		{299B2A41-FBA6-456B-8C78-02664245883B}.Release|x64.ActiveCfg = Release|Any CPU
		{299B2A41-FBA6-456B-8C78-02664245883B}.Release|x64.Build.0 = Release|Any CPU
		{299B2A41-FBA6-456B-8C78-02664245883B}.Release|x86.ActiveCfg = Release|Any CPU
		{299B2A41-FBA6-456B-8C78-02664245883B}.Release|x86.Build.0 = Release|Any CPU
		{A27C0C40-C8FF-4572-AD85-0E02AC8AED8C}.Debug|Any CPU.ActiveCfg = Debug|Any CPU
		{A27C0C40-C8FF-4572-AD85-0E02AC8AED8C}.Debug|Any CPU.Build.0 = Debug|Any CPU
		{A27C0C40-C8FF-4572-AD85-0E02AC8AED8C}.Debug|x64.ActiveCfg = Debug|Any CPU
		{A27C0C40-C8FF-4572-AD85-0E02AC8AED8C}.Debug|x64.Build.0 = Debug|Any CPU
		{A27C0C40-C8FF-4572-AD85-0E02AC8AED8C}.Debug|x86.ActiveCfg = Debug|Any CPU
		{A27C0C40-C8FF-4572-AD85-0E02AC8AED8C}.Debug|x86.Build.0 = Debug|Any CPU
		{A27C0C40-C8FF-4572-AD85-0E02AC8AED8C}.Release|Any CPU.ActiveCfg = Release|Any CPU
		{A27C0C40-C8FF-4572-AD85-0E02AC8AED8C}.Release|Any CPU.Build.0 = Release|Any CPU
		{A27C0C40-C8FF-4572-AD85-0E02AC8AED8C}.Release|x64.ActiveCfg = Release|Any CPU
		{A27C0C40-C8FF-4572-AD85-0E02AC8AED8C}.Release|x64.Build.0 = Release|Any CPU
		{A27C0C40-C8FF-4572-AD85-0E02AC8AED8C}.Release|x86.ActiveCfg = Release|Any CPU
		{A27C0C40-C8FF-4572-AD85-0E02AC8AED8C}.Release|x86.Build.0 = Release|Any CPU
	EndGlobalSection
	GlobalSection(SolutionProperties) = preSolution
		HideSolutionNode = FALSE
	EndGlobalSection
	GlobalSection(ExtensibilityGlobals) = postSolution
		SolutionGuid = {D2AF50C8-E212-4222-91F6-DD38156AAC0A}
	EndGlobalSection
EndGlobal
